{
  "version": 2,
  "dependencies": {
    "net10.0": {
      "Microsoft.ApplicationInsights.AspNetCore": {
        "type": "Direct",
        "requested": "[3.1.2, )",
        "resolved": "3.1.2",
        "contentHash": "L8JeWrQNmUMeplxBZFqVWrwiK456SlaKZ59Up+ilZhkpHKMSbxfIX1rmbxoh9GnHVf5pNutlvzMMqJNl2uTlbA==",
        "dependencies": {
          "Microsoft.ApplicationInsights": "3.1.2",
          "OpenTelemetry.Extensions.Hosting": "1.15.3",
          "OpenTelemetry.Instrumentation.AspNetCore": "1.15.2",
          "OpenTelemetry.Instrumentation.Http": "1.15.1",
          "OpenTelemetry.Instrumentation.SqlClient": "1.15.2"
        }
      },
      "Microsoft.AspNetCore.Authentication.JwtBearer": {
        "type": "Direct",
        "requested": "[10.0.11, )",
        "resolved": "10.0.11",
        "contentHash": "Dy9yElSej0rVQL8LBpCLatWTKXNH6h6VBVFmGndTCf1Wge0jSvH9U8mml6ddVDAQ089q1/fDYlhyukHSgx8unQ==",
        "dependencies": {
          "Microsoft.IdentityModel.Protocols.OpenIdConnect": "8.19.2"
        }
      },
      "Microsoft.AspNetCore.Authentication.OpenIdConnect": {
        "type": "Direct",
        "requested": "[10.0.11, )",
        "resolved": "10.0.11",
        "contentHash": "LM2J/cxqAB6W1sZ0Lo8sf0AYcnYQWEDTyRQTIxGt/cZ7C24VKugbvux2iswkyAbPC8M4HP7NEqC2cWbvyTWVnQ==",
        "dependencies": {
          "Microsoft.IdentityModel.Protocols.OpenIdConnect": "8.19.2"
        }
      },
      "Microsoft.Extensions.Caching.StackExchangeRedis": {
        "type": "Direct",
        "requested": "[10.0.11, )",
        "resolved": "10.0.11",
        "contentHash": "0SCQuU1m+BcLMjyh6q1X9j0hongN9EZx9KhgDyPgHxVa5RJ5xuHBkvcgnX95KSa5bQlkYupeQFu8IAI3NgPIUQ==",
        "dependencies": {
          "StackExchange.Redis": "2.7.27"
        }
      },
      "Microsoft.Extensions.Http.Polly": {
        "type": "Direct",
        "requested": "[10.0.11, )",
        "resolved": "10.0.11",
        "contentHash": "DIxaTXWdbjRJihAIutpDIgPbpD9PwW8lW0EIawlNH4zs7coCgwPnd9rYlzXYkuKKphnjcKYlo6gXFeg6z15GLg==",
        "dependencies": {
          "Polly": "7.2.4",
          "Polly.Extensions.Http": "3.0.0"
        }
      },
      "Microsoft.Identity.Web": {
        "type": "Direct",
        "requested": "[4.14.2, )",
        "resolved": "4.14.2",
        "contentHash": "sfeKm6ooS5QVbUlk7QK48ci1KDD/DBR9tspBfeBhxRusrvQfX1K5c4UjNSX7tNmxSQ6oSJX+kCbjkhJgXxX8Xg==",
        "dependencies": {
          "Microsoft.Identity.Web.Certificate": "4.14.2",
          "Microsoft.Identity.Web.Certificateless": "4.14.2",
          "Microsoft.Identity.Web.TokenAcquisition": "4.14.2",
          "Microsoft.Identity.Web.TokenCache": "4.14.2",
          "Microsoft.IdentityModel.Protocols.OpenIdConnect": "8.22.0",
          "Microsoft.IdentityModel.Validators": "8.22.0",
          "System.IdentityModel.Tokens.Jwt": "8.22.0"
        }
      },
      "Microsoft.Identity.Web.UI": {
        "type": "Direct",
        "requested": "[4.14.2, )",
        "resolved": "4.14.2",
        "contentHash": "+uzdpbH9laTe6CP3PWAUwlu1WN07GlsuF9+VYcG74GTrH3iJoJwF1l5p0pfKxj49l4sQOr+vhuBN79VqzO8uIQ==",
        "dependencies": {
          "Microsoft.Identity.Web": "4.14.2"
        }
      },
      "Newtonsoft.Json": {
        "type": "Direct",
        "requested": "[13.0.4, )",
        "resolved": "13.0.4",
        "contentHash": "pdgNNMai3zv51W5aq268sujXUyx7SNdE2bj1wZcWjAQrKMFZV260lbqYop1d2GM67JI1huLRwxo9ZqnfF/lC6A=="
      },
      "Serilog.Extensions.Logging.File": {
        "type": "Direct",
        "requested": "[3.0.0, )",
        "resolved": "3.0.0",
        "contentHash": "bUYjMHn7NhpK+/8HDftG7+G5hpWzD49XTSvLoUFZGgappDa6FoseqFOsLrjLRjwe1zM+igH5mySFJv3ntb+qcg==",
        "dependencies": {
          "Serilog": "2.10.0",
          "Serilog.Extensions.Logging": "3.1.0",
          "Serilog.Formatting.Compact": "1.1.0",
          "Serilog.Sinks.Async": "1.5.0",
          "Serilog.Sinks.RollingFile": "3.3.0"
        }
      },
      "Azure.Core": {
        "type": "Transitive",
        "resolved": "1.54.0",
        "contentHash": "m6hHbx1q9+GCBZ5A9ykzFylPdTwscX2APH7PlnqV+yu+DH3RRtuIDJMRqdU17cMyinv0hCPofpegoyQ6qWPW7g==",
        "dependencies": {
          "Microsoft.Bcl.AsyncInterfaces": "10.0.3",
          "Microsoft.Identity.Client": "4.83.1",
          "Microsoft.Identity.Client.Extensions.Msal": "4.83.1",
          "System.ClientModel": "1.10.0",
          "System.Memory.Data": "10.0.3"
        }
      },
      "Azure.Identity": {
        "type": "Transitive",
        "resolved": "1.17.2",
        "contentHash": "WLI9tc1NwOzvncfSfut5w/qv4f4ZC+l4JK0XXNZCMjZn6MDAgytZsNAJBI3MJs+XcPGBikedYv/dLMXryLQBeg==",
        "dependencies": {
          "Azure.Core": "1.50.0",
          "Microsoft.Identity.Client": "4.83.1",
          "Microsoft.Identity.Client.Extensions.Msal": "4.83.1"
        }
      },
      "Azure.Monitor.OpenTelemetry.Exporter": {
        "type": "Transitive",
        "resolved": "1.8.0",
        "contentHash": "JbNUQIK7uZ7Mg2fZzdsjqC/eso3Ag/tMwCqYvGvedyE1fObe6JAwCaCSMZDMrhrAaFn8x8+ZaKJelfcEK5MCcg==",
        "dependencies": {
          "Azure.Core": "1.54.0",
          "OpenTelemetry.Extensions.Hosting": "1.15.3",
          "OpenTelemetry.PersistentStorage.FileSystem": "1.0.3"
        }
      },
      "Azure.Security.KeyVault.Certificates": {
        "type": "Transitive",
        "resolved": "4.6.0",
        "contentHash": "e2ATU/n2ZDL/S8A8EdrcfKEvKc2BojCrrSpmM+JKnrSTQS32x/W0Ldu8utk+epLKwXvSJRSWtlgdo7X8hG1mCg==",
        "dependencies": {
          "Azure.Core": "1.37.0"
        }
      },
      "Azure.Security.KeyVault.Secrets": {
        "type": "Transitive",
        "resolved": "4.6.0",
        "contentHash": "vwPceoznuT6glvirZcXlaCQrh1uzTSxpZUi2hRFNumHiS3hVyqIXI5fgWiLtlBzwqPJMTr0flUoSvGKjXXQlfg==",
        "dependencies": {
          "Azure.Core": "1.37.0"
        }
      },
      "Microsoft.ApplicationInsights": {
        "type": "Transitive",
        "resolved": "3.1.2",
        "contentHash": "E+8N7Q6GS/AcyJ0xuYA48nVL4eQGGOSJZvNz/R7qQtMGCUwjLzQe9Ttpgh/7eQktngsUuNGaEzBhM7IUU0t4xA==",
        "dependencies": {
          "Azure.Monitor.OpenTelemetry.Exporter": "1.8.0"
        }
      },
      "Microsoft.Azure.Security.KeyGuardAttestation": {
        "type": "Transitive",
        "resolved": "1.1.5",
        "contentHash": "y7WEZy7swyQCQISyVfUDNo8a1sqHiWzaoWoQAkdXxqg3hLNjQI+LEsRQol3idJ665E++doJbiQG6NIiUb5cw0g=="
      },
      "Microsoft.Bcl.AsyncInterfaces": {
        "type": "Transitive",
        "resolved": "10.0.3",
        "contentHash": "TV62UsrJZPX6gbt3c4WrtXh7bmaDIcMqf9uft1cc4L6gJXOU07hDGEh+bFQh/L2Az0R1WVOkiT66lFqS6G2NmA=="
      },
      "Microsoft.Bcl.Cryptography": {
        "type": "Transitive",
        "resolved": "10.0.2",
        "contentHash": "LG9Yll3B5aNpxv0+D47g6LiOiKBIlodhcHdQwcYzo8VeexFLGqx5ymetmA2aBRyo9cCcWsQWrFsdbsr8LvmWDw=="
      },
      "Microsoft.Identity.Abstractions": {
        "type": "Transitive",
        "resolved": "12.6.0",
        "contentHash": "RCRbDYn7VmCYB/7KnOQ3X2KRlbF51dWQHQ91sOxyEDL1OQcOW/NAs7as+NLN91xhqAk1wAvhkukUIqvWC6NHoA=="
      },
      "Microsoft.Identity.Client": {
        "type": "Transitive",
        "resolved": "4.87.0",
        "contentHash": "ERObBpS3b6kc92D/Z86zSd/MpWvdJu97BNamRzg5V4y59KwnxzfhM762tgiNnKoIwTbnIBOcwGPFGQ4DvShLvw==",
        "dependencies": {
          "Microsoft.IdentityModel.Abstractions": "8.14.0"
        }
      },
      "Microsoft.Identity.Client.Extensions.Msal": {
        "type": "Transitive",
        "resolved": "4.83.1",
        "contentHash": "I3k4J4Hj4KbLEFanjeUzzDOVecukETaTgEkJ7h2pP/Yazs6SLp6TVUTo/Eo+ptPXMwvc+iX7rBFtMSUrA7R+Mg==",
        "dependencies": {
          "Microsoft.Identity.Client": "4.83.1",
          "System.Security.Cryptography.ProtectedData": "4.5.0"
        }
      },
      "Microsoft.Identity.Client.KeyAttestation": {
        "type": "Transitive",
        "resolved": "4.87.0",
        "contentHash": "IPTA9xPrDDtOkRPZP1VQBUMYUG6n5IAOOazgsWriveKglyX5gxOhbvCs6Zyr1jKtptNfVwBZr7yuSHQ5S5Pkog==",
        "dependencies": {
          "Microsoft.Azure.Security.KeyGuardAttestation": "1.1.5",
          "Microsoft.Identity.Client": "4.87.0"
        }
      },
      "Microsoft.Identity.Web.Certificate": {
        "type": "Transitive",
        "resolved": "4.14.2",
        "contentHash": "/RLN8gwoxb0i+EHsc09F9tvcB15si0MLuZFtzSfLyIfXr82GKlQBoj8u1xp87CmSKHx3z9LBcpvVvjyBrjEBlA==",
        "dependencies": {
          "Azure.Identity": "1.17.2",
          "Azure.Security.KeyVault.Certificates": "4.6.0",
          "Azure.Security.KeyVault.Secrets": "4.6.0",
          "Microsoft.Identity.Abstractions": "12.6.0",
          "Microsoft.Identity.Web.Certificateless": "4.14.2",
          "Microsoft.Identity.Web.Diagnostics": "4.14.2"
        }
      },
      "Microsoft.Identity.Web.Certificateless": {
        "type": "Transitive",
        "resolved": "4.14.2",
        "contentHash": "u51Hf5fzRgr5sndpNySIetV2kwK9C1WphRWGfLoJVk4iQ6fFhPFoMlpfnQjmLkHgBvj969c/oAibphcVGoMDJw==",
        "dependencies": {
          "Microsoft.Identity.Client": "4.87.0",
          "Microsoft.Identity.Client.KeyAttestation": "4.87.0",
          "Microsoft.IdentityModel.JsonWebTokens": "8.22.0",
          "Microsoft.IdentityModel.LoggingExtensions": "8.22.0"
        }
      },
      "Microsoft.Identity.Web.Diagnostics": {
        "type": "Transitive",
        "resolved": "4.14.2",
        "contentHash": "d+oT25MzEHHQkQ1JwGJaNXR3gV3qbNej2MHI6ukIpk/zNa21BDKyq1tJSdA/hIHKtUTligWIFcIUrVqj70cxuw=="
      },
      "Microsoft.Identity.Web.TokenAcquisition": {
        "type": "Transitive",
        "resolved": "4.14.2",
        "contentHash": "cqwAj1mPGYrRu/OQ/SkdhX3ZYNKuWOp9vI2AaccM5VkgztpOsofhStlc+blG9GA1H7PLhKf7fP+e8NV0STyZvA==",
        "dependencies": {
          "Microsoft.AspNetCore.Authentication.JwtBearer": "10.0.0",
          "Microsoft.AspNetCore.Authentication.OpenIdConnect": "10.0.0",
          "Microsoft.Identity.Abstractions": "12.6.0",
          "Microsoft.Identity.Web.Certificate": "4.14.2",
          "Microsoft.Identity.Web.Certificateless": "4.14.2",
          "Microsoft.Identity.Web.TokenCache": "4.14.2",
          "Microsoft.IdentityModel.Logging": "8.22.0",
          "Microsoft.IdentityModel.LoggingExtensions": "8.22.0",
          "Microsoft.IdentityModel.Protocols.OpenIdConnect": "8.22.0",
          "System.IdentityModel.Tokens.Jwt": "8.22.0"
        }
      },
      "Microsoft.Identity.Web.TokenCache": {
        "type": "Transitive",
        "resolved": "4.14.2",
        "contentHash": "7F94VyWKzKbkHuvUW/YnFN4z9+A9IV0f2NhsEWM+CIEFsx91ZYk9dlj3fn/k+2yztGl5r7/ETFX9BpJvUD3SMA==",
        "dependencies": {
          "Microsoft.Identity.Client": "4.87.0",
          "Microsoft.Identity.Web.Diagnostics": "4.14.2",
          "System.Security.Cryptography.Pkcs": "10.0.10"
        }
      },
      "Microsoft.IdentityModel.Abstractions": {
        "type": "Transitive",
        "resolved": "8.22.0",
        "contentHash": "LU3V3owsu4vGpCg2kyL7SsQEuHwcoJ8FSNBqzLADzCf3/PcKUTcx5Plsd51DoTJMfK/WigXV/03UhaN5JXE6uQ=="
      },
      "Microsoft.IdentityModel.JsonWebTokens": {
        "type": "Transitive",
        "resolved": "8.22.0",
        "contentHash": "kv6peMLjALZLDAy2H3F77KjVRdwiscn2p/g3ui2chcbuEcAX2MpAbyDcYnJ7Vyh8jZ1aJWrniUMCDWoOgnu4NQ==",
        "dependencies": {
          "Microsoft.IdentityModel.Tokens": "8.22.0"
        }
      },
      "Microsoft.IdentityModel.Logging": {
        "type": "Transitive",
        "resolved": "8.22.0",
        "contentHash": "G9Tl0yXSlr2pkXv4EpXjO16M4q6oo9N/od+gNyOusZ8yM8LZg1H3f/QOMFuOJiV6znzY5MkAREU97JRRnqpEQw==",
        "dependencies": {
          "Microsoft.IdentityModel.Abstractions": "8.22.0"
        }
      },
      "Microsoft.IdentityModel.LoggingExtensions": {
        "type": "Transitive",
        "resolved": "8.22.0",
        "contentHash": "2z2lb8jbkEe3iNwXqVflzLPv8pUw/QJGKrcRqeUeIKwjx2o/SxLNl5/XLDeASH1oq4VnoxxKdHivKrmmog4HtQ==",
        "dependencies": {
          "Microsoft.IdentityModel.Abstractions": "8.22.0"
        }
      },
      "Microsoft.IdentityModel.Protocols": {
        "type": "Transitive",
        "resolved": "8.22.0",
        "contentHash": "q7VTnFzKHOUy1L7M6FOTD0nUboDobJIPb+Sl13bQ4O0lYtpTJ9wemcuZaDYOmT/3ZKyUUCFuFjt5UReYC2dlQA==",
        "dependencies": {
          "Microsoft.IdentityModel.Tokens": "8.22.0"
        }
      },
      "Microsoft.IdentityModel.Protocols.OpenIdConnect": {
        "type": "Transitive",
        "resolved": "8.22.0",
        "contentHash": "RAStsQi0eIj2gcA6G1lVx2H39v9eCJty9bLymx4oeLzmEISxfa6MxTaZkbsp+Plccz0Uiv8r7efiaG10i3WHkg==",
        "dependencies": {
          "Microsoft.IdentityModel.Protocols": "8.22.0",
          "System.IdentityModel.Tokens.Jwt": "8.22.0"
        }
      },
      "Microsoft.IdentityModel.Tokens": {
        "type": "Transitive",
        "resolved": "8.22.0",
        "contentHash": "i4lywKKUuVmheCUA+w/q8QNPReNI0qanHI9hhz48AFqD1ljyb8sxPL2RbXOGiPV13XdJ4kxieL9ukS7tD43LxA==",
        "dependencies": {
          "Microsoft.Bcl.Cryptography": "10.0.2",
          "Microsoft.IdentityModel.Logging": "8.22.0"
        }
      },
      "Microsoft.IdentityModel.Validators": {
        "type": "Transitive",
        "resolved": "8.22.0",
        "contentHash": "8lMJuI0r46dVa648IUAUVXRc6ioGdvGB8zD+S+9DWHrXYdK1SWae9TsMWYwWeRJEZBErwZgVlPrzxDk71VYiZA==",
        "dependencies": {
          "Microsoft.IdentityModel.Protocols": "8.22.0",
          "Microsoft.IdentityModel.Protocols.OpenIdConnect": "8.22.0",
          "Microsoft.IdentityModel.Tokens": "8.22.0",
          "System.IdentityModel.Tokens.Jwt": "8.22.0"
        }
      },
      "OpenTelemetry": {
        "type": "Transitive",
        "resolved": "1.15.3",
        "contentHash": "N0i6WjPoHPbZyms1ugbDIFAJFuGlpeExJMU/+XSL0lQRUkg/D0utFkDoLXf8Z1km5B+xVZ2GyMXXiX8qdeNmPg==",
        "dependencies": {
          "OpenTelemetry.Api.ProviderBuilderExtensions": "1.15.3"
        }
      },
      "OpenTelemetry.Api": {
        "type": "Transitive",
        "resolved": "1.15.3",
        "contentHash": "fX+fkCysfPut+qCcT3bKqyX4QN9Saf4CgX8HLOHywEVD+Xr7sULtfuypITpoDysjx8R59dn/3mWhgimMH8cm/g=="
      },
      "OpenTelemetry.Api.ProviderBuilderExtensions": {
        "type": "Transitive",
        "resolved": "1.15.3",
        "contentHash": "SYn0lqYDwLMWhv/zlNGsQcl2yX++yTumanX46bmOZE/ZDOd1WjPBO2kZaZgKLEZTZk48pavIFGJ6vOvxXgWVFQ==",
        "dependencies": {
          "OpenTelemetry.Api": "1.15.3"
        }
      },
      "OpenTelemetry.Extensions.Hosting": {
        "type": "Transitive",
        "resolved": "1.15.3",
        "contentHash": "u8n/W8yIlqv0BXZmvId1iVaeWXG42tGKdTkuLYg5g57Y/r9CeUNzqtrSHNdG5IoO8iPX79w3v+WsbAHgUQbfeg==",
        "dependencies": {
          "OpenTelemetry": "1.15.3"
        }
      },
      "OpenTelemetry.Instrumentation.AspNetCore": {
        "type": "Transitive",
        "resolved": "1.15.2",
        "contentHash": "2nPd7r0ug/gd6/CNFL6Rlu+RSQ9WYGSGHAYQ1ssbSqyzKJpqTunfx2I/1O0WB5k+L0cyXbG4XVZpoSoUc3M7wg==",
        "dependencies": {
          "OpenTelemetry.Api.ProviderBuilderExtensions": "[1.15.3, 2.0.0)"
        }
      },
      "OpenTelemetry.Instrumentation.Http": {
        "type": "Transitive",
        "resolved": "1.15.1",
        "contentHash": "vFO4Fj/dXkoVNGo/nhoGpO2zYQmZwr4jTID7oRGo+XlQ8LqksyZjUXQ4p39RfUvTID7IzzL8Qe71tW7CcAFymA==",
        "dependencies": {
          "OpenTelemetry.Api.ProviderBuilderExtensions": "[1.15.3, 2.0.0)"
        }
      },
      "OpenTelemetry.Instrumentation.SqlClient": {
        "type": "Transitive",
        "resolved": "1.15.2",
        "contentHash": "pRB84YJEXD121kygc6CtcF46dtLuTKIjphA2SJye32G4g2Xl3epkCrOcPCOAg4WDagCdMGa16Ge6PPVzFJZsAQ==",
        "dependencies": {
          "OpenTelemetry.Api.ProviderBuilderExtensions": "[1.15.3, 2.0.0)"
        }
      },
      "OpenTelemetry.PersistentStorage.Abstractions": {
        "type": "Transitive",
        "resolved": "1.0.3",
        "contentHash": "7nSE1uLY0KOHRssg1xQydDZJ/s9zECOzFT/gSDIp1KTxbgd1yziuMTsdBKZ/N1BbpUxfH6Pjq5OMd7lYogwReA=="
      },
      "OpenTelemetry.PersistentStorage.FileSystem": {
        "type": "Transitive",
        "resolved": "1.0.3",
        "contentHash": "3k+yCroJcGBtZIia+0LgzMlBuD0U95BzcWNEGWedusBaRAD8EmkaCPAUwaCtFbb/Mg7HywbIG2zuenANPYFJ0g==",
        "dependencies": {
          "OpenTelemetry.PersistentStorage.Abstractions": "1.0.3"
        }
      },
      "Pipelines.Sockets.Unofficial": {
        "type": "Transitive",
        "resolved": "2.2.8",
        "contentHash": "zG2FApP5zxSx6OcdJQLbZDk2AVlN2BNQD6MorwIfV6gVj0RRxWPEp2LXAxqDGZqeNV1Zp0BNPcNaey/GXmTdvQ=="
      },
      "Polly": {
        "type": "Transitive",
        "resolved": "7.2.4",
        "contentHash": "bw00Ck5sh6ekduDE3mnCo1ohzuad946uslCDEENu3091+6UKnBuKLo4e+yaNcCzXxOZCXWY2gV4a35+K1d4LDA=="
      },
      "Polly.Extensions.Http": {
        "type": "Transitive",
        "resolved": "3.0.0",
        "contentHash": "drrG+hB3pYFY7w1c3BD+lSGYvH2oIclH8GRSehgfyP5kjnFnHKQuuBhuHLv+PWyFuaTDyk/vfRpnxOzd11+J8g==",
        "dependencies": {
          "Polly": "7.1.0"
        }
      },
      "Serilog": {
        "type": "Transitive",
        "resolved": "2.10.0",
        "contentHash": "+QX0hmf37a0/OZLxM3wL7V6/ADvC1XihXN4Kq/p6d8lCPfgkRdiuhbWlMaFjR9Av0dy5F0+MBeDmDdRZN/YwQA=="
      },
      "Serilog.Extensions.Logging": {
        "type": "Transitive",
        "resolved": "3.1.0",
        "contentHash": "IWfem7wfrFbB3iw1OikqPFNPEzfayvDuN4WP7Ue1AVFskalMByeWk3QbtUXQR34SBkv1EbZ3AySHda/ErDgpcg==",
        "dependencies": {
          "Serilog": "2.9.0"
        }
      },
      "Serilog.Formatting.Compact": {
        "type": "Transitive",
        "resolved": "1.1.0",
        "contentHash": "pNroKVjo+rDqlxNG5PXkRLpfSCuDOBY0ri6jp9PLe505ljqwhwZz8ospy2vWhQlFu5GkIesh3FcDs4n7sWZODA==",
        "dependencies": {
          "Serilog": "2.8.0"
        }
      },
      "Serilog.Sinks.Async": {
        "type": "Transitive",
        "resolved": "1.5.0",
        "contentHash": "csHYIqAwI4Gy9oAhXYRwxGrQEAtBg3Ep7WaCzsnA1cZuBZjVAU0n7hWaJhItjO7hbLHh/9gRVxALCUB4Dv+gZw==",
        "dependencies": {
          "Serilog": "2.9.0"
        }
      },
      "Serilog.Sinks.File": {
        "type": "Transitive",
        "resolved": "3.2.0",
        "contentHash": "VHbo68pMg5hwSWrzLEdZv5b/rYmIgHIRhd4d5rl8GnC5/a8Fr+RShT5kWyeJOXax1el6mNJ+dmHDOVgnNUQxaw==",
        "dependencies": {
          "Serilog": "2.3.0"
        }
      },
      "Serilog.Sinks.RollingFile": {
        "type": "Transitive",
        "resolved": "3.3.0",
        "contentHash": "2lT5X1r3GH4P0bRWJfhA7etGl8Q2Ipw9AACvtAHWRUSpYZ42NGVyHoVs2ALBZ/cAkkS+tA4jl80Zie144eLQPg==",
        "dependencies": {
          "Serilog.Sinks.File": "3.2.0"
        }
      },
      "StackExchange.Redis": {
        "type": "Transitive",
        "resolved": "2.7.27",
        "contentHash": "Uqc2OQHglqj9/FfGQ6RkKFkZfHySfZlfmbCl+hc+u2I/IqunfelQ7QJi7ZhvAJxUtu80pildVX6NPLdDaUffOw==",
        "dependencies": {
          "Pipelines.Sockets.Unofficial": "2.2.8"
        }
      },
      "System.ClientModel": {
        "type": "Transitive",
        "resolved": "1.10.0",
        "contentHash": "lBEWs54F5Y5pZ9hC+8z4S/X76957ex+DPk7WecRHlbIHtrPfbRMMlOgI3iDn4Jpb3bSxvBnKaaHoD59auFjlBA==",
        "dependencies": {
          "System.Memory.Data": "10.0.3"
        }
      },
      "System.IdentityModel.Tokens.Jwt": {
        "type": "Transitive",
        "resolved": "8.22.0",
        "contentHash": "CpXGfNhLl6EgYaOC9XYsc1p7Ci9HtAy0soHJDSBNGse647al4tTq9RDr+LQsrF4Ls79Dx7VfzN34km0W4DWPow==",
        "dependencies": {
          "Microsoft.IdentityModel.JsonWebTokens": "8.22.0",
          "Microsoft.IdentityModel.Tokens": "8.22.0"
        }
      },
      "System.Memory.Data": {
        "type": "Transitive",
        "resolved": "10.0.3",
        "contentHash": "MaGhRfGunmrj/nHjtsi9XkhlYJ/ERGWrbA+BiSKNtGnAjc9XlG5EhAvak6VRcX5LYzPF6pBO8nJ613dTgzabig=="
      },
      "System.Security.Cryptography.Pkcs": {
        "type": "Transitive",
        "resolved": "10.0.10",
        "contentHash": "KG8t5RHczdgB3IWvRndpI0nE1DSo7ikDYSDbITxfgRFyIvnYiKzuPjaZOsPnwFQ1aOGUl9sEulJul9wlHLEUoA=="
      },
      "System.Security.Cryptography.ProtectedData": {
        "type": "Transitive",
        "resolved": "4.5.0",
        "contentHash": "wLBKzFnDCxP12VL9ANydSYhk59fC4cvOr9ypYQLPnAj48NQIhqnjdD2yhP8yEKyBJEjERWS9DisKL7rX5eU25Q=="
      }
    }
  }
}